
Microsoft Visual Studio Solution File, Format Version 12.00
# Visual Studio 15
VisualStudioVersion = 15.0.28307.168
MinimumVisualStudioVersion = 10.0.40219.1
Project("{FAE04EC0-301F-11D3-BF4B-00C04F79EFBC}") = "Snake", "Snake\Snake.csproj", "{0DF6B741-D5D5-47DE-87E7-EEE8E012289A}"
EndProject
Global
	GlobalSection(SolutionConfigurationPlatforms) = preSolution
		Debug|Any CPU = Debug|Any CPU
		Release|Any CPU = Release|Any CPU
	EndGlobalSection
	GlobalSection(ProjectConfigurationPlatforms) = postSolution
		{0DF6B741-D5D5-47DE-87E7-EEE8E012289A}.Debug|Any CPU.ActiveCfg = Debug|Any CPU
		{0DF6B741-D5D5-47DE-87E7-EEE8E012289A}.Debug|Any CPU.Build.0 = Debug|Any CPU
		{0DF6B741-D5D5-47DE-87E7-EEE8E012289A}.Release|Any CPU.ActiveCfg = Release|Any CPU
		{0DF6B741-D5D5-47DE-87E7-EEE8E012289A}.Release|Any CPU.Build.0 = Release|Any CPU
	EndGlobalSection
	GlobalSection(SolutionProperties) = preSolution
		HideSolutionNode = FALSE
	EndGlobalSection
	GlobalSection(ExtensibilityGlobals) = postSolution
		SolutionGuid = {6433E5AB-1585-423E-A8E5-8A52BBB80D5C}
	EndGlobalSection
EndGlobal
